Microsoft Visual Studio Solution File, Format Version 12.00
# Visual Studio Version 17
VisualStudioVersion = 17.0.31903.59
MinimumVisualStudioVersion = 10.0.40219.1
Project("{FAE04EC0-301F-11D3-BF4B-00C04F79EFBC}") = "EnterpriseActions.Core", "src\EnterpriseActions.Core\EnterpriseActions.Core.csproj", "{39B5902B-4D9C-4CE9-9728-13C5C5B311A1}"
EndProject
Project("{FAE04EC0-301F-11D3-BF4B-00C04F79EFBC}") = "EnterpriseActions.Core.Tests", "tests\EnterpriseActions.Core.Tests\EnterpriseActions.Core.Tests.csproj", "{8F5D67BB-54C8-4AB5-BB89-6A60E2294289}"
EndProject
Global
	GlobalSection(SolutionConfigurationPlatforms) = preSolution
		Debug|Any CPU = Debug|Any CPU
		Release|Any CPU = Release|Any CPU
	EndGlobalSection
	GlobalSection(ProjectConfigurationPlatforms) = postSolution
		{39B5902B-4D9C-4CE9-9728-13C5C5B311A1}.Debug|Any CPU.ActiveCfg = Debug|Any CPU
		{39B5902B-4D9C-4CE9-9728-13C5C5B311A1}.Debug|Any CPU.Build.0 = Debug|Any CPU
		{39B5902B-4D9C-4CE9-9728-13C5C5B311A1}.Release|Any CPU.ActiveCfg = Release|Any CPU
		{39B5902B-4D9C-4CE9-9728-13C5C5B311A1}.Release|Any CPU.Build.0 = Release|Any CPU
		{8F5D67BB-54C8-4AB5-BB89-6A60E2294289}.Debug|Any CPU.ActiveCfg = Debug|Any CPU
		{8F5D67BB-54C8-4AB5-BB89-6A60E2294289}.Debug|Any CPU.Build.0 = Debug|Any CPU
		{8F5D67BB-54C8-4AB5-BB89-6A60E2294289}.Release|Any CPU.ActiveCfg = Release|Any CPU
		{8F5D67BB-54C8-4AB5-BB89-6A60E2294289}.Release|Any CPU.Build.0 = Release|Any CPU
	EndGlobalSection
EndGlobal